// !$*UTF8*$!
{
	archiveVersion = 1;
	classes = {
	};
	objectVersion = 50;
	objects = {

/* Begin PBXBuildFile section */
		3E9A601C26CBB4F3003F5939 /* HomeVPNUIApp.swift in Sources */ = {isa = PBXBuildFile; fileRef = 3E9A601B26CBB4F3003F5939 /* HomeVPNUIApp.swift */; };
		3E9A601E26CBB4F3003F5939 /* ContentView.swift in Sources */ = {isa = PBXBuildFile; fileRef = 3E9A601D26CBB4F3003F5939 /* ContentView.swift */; };
		3E9A602026CBB4F5003F5939 /* Assets.xcassets in Resources */ = {isa = PBXBuildFile; fileRef = 3E9A601F26CBB4F5003F5939 /* Assets.xcassets */; };
		3E9A602326CBB4F5003F5939 /* Preview Assets.xcassets in Resources */ = {isa = PBXBuildFile; fileRef = 3E9A602226CBB4F5003F5939 /* Preview Assets.xcassets */; };
		3E9A602E26CBB56F003F5939 /* HomeView.swift in Sources */ = {isa = PBXBuildFile; fileRef = 3E9A602D26CBB56F003F5939 /* HomeView.swift */; };
		3E9A603126CBB656003F5939 /* UIScreen+Extension.swift in Sources */ = {isa = PBXBuildFile; fileRef = 3E9A603026CBB656003F5939 /* UIScreen+Extension.swift */; };
		3E9A603326CBB68E003F5939 /* Color+Extension.swift in Sources */ = {isa = PBXBuildFile; fileRef = 3E9A603226CBB68E003F5939 /* Color+Extension.swift */; };
		3E9A603626CBB763003F5939 /* MenuItem.swift in Sources */ = {isa = PBXBuildFile; fileRef = 3E9A603526CBB763003F5939 /* MenuItem.swift */; };
		3E9A603826CBB78D003F5939 /* RegionModel.swift in Sources */ = {isa = PBXBuildFile; fileRef = 3E9A603726CBB78D003F5939 /* RegionModel.swift */; };
		3E9A603A26CBB7C2003F5939 /* DataModel.swift in Sources */ = {isa = PBXBuildFile; fileRef = 3E9A603926CBB7C2003F5939 /* DataModel.swift */; };
		3E9A603D26CBB82A003F5939 /* DropdownManager.swift in Sources */ = {isa = PBXBuildFile; fileRef = 3E9A603C26CBB82A003F5939 /* DropdownManager.swift */; };
		3E9A603F26CBB923003F5939 /* SpeedSimultor.swift in Sources */ = {isa = PBXBuildFile; fileRef = 3E9A603E26CBB923003F5939 /* SpeedSimultor.swift */; };
		3E9A604126CBB9C4003F5939 /* MenuItemView.swift in Sources */ = {isa = PBXBuildFile; fileRef = 3E9A604026CBB9C4003F5939 /* MenuItemView.swift */; };
		3E9A604326CBBA10003F5939 /* MenuListView.swift in Sources */ = {isa = PBXBuildFile; fileRef = 3E9A604226CBBA10003F5939 /* MenuListView.swift */; };
		3E9A604526CBBA7C003F5939 /* UserView.swift in Sources */ = {isa = PBXBuildFile; fileRef = 3E9A604426CBBA7C003F5939 /* UserView.swift */; };
		3E9A604726CBBB1A003F5939 /* SideMenuView.swift in Sources */ = {isa = PBXBuildFile; fileRef = 3E9A604626CBBB1A003F5939 /* SideMenuView.swift */; };
		3E9A604926CBBBE8003F5939 /* PremiumView.swift in Sources */ = {isa = PBXBuildFile; fileRef = 3E9A604826CBBBE8003F5939 /* PremiumView.swift */; };
		3E9A604D26CBBCD7003F5939 /* RegionItemView.swift in Sources */ = {isa = PBXBuildFile; fileRef = 3E9A604C26CBBCD7003F5939 /* RegionItemView.swift */; };
		3E9A604F26CBBDA0003F5939 /* DropdownView.swift in Sources */ = {isa = PBXBuildFile; fileRef = 3E9A604E26CBBDA0003F5939 /* DropdownView.swift */; };
		3E9A605126CBBF4D003F5939 /* StartStopButtonView.swift in Sources */ = {isa = PBXBuildFile; fileRef = 3E9A605026CBBF4D003F5939 /* StartStopButtonView.swift */; };
		3E9A605326CBBFA8003F5939 /* ProgressView.swift in Sources */ = {isa = PBXBuildFile; fileRef = 3E9A605226CBBFA8003F5939 /* ProgressView.swift */; };
		3E9A605526CBC013003F5939 /* EmitterCell.swift in Sources */ = {isa = PBXBuildFile; fileRef = 3E9A605426CBC013003F5939 /* EmitterCell.swift */; };
		3E9A605726CBC06E003F5939 /* EmitterView.swift in Sources */ = {isa = PBXBuildFile; fileRef = 3E9A605626CBC06E003F5939 /* EmitterView.swift */; };
		3E9A605926CBC1D8003F5939 /* SpeedTextView.swift in Sources */ = {isa = PBXBuildFile; fileRef = 3E9A605826CBC1D8003F5939 /* SpeedTextView.swift */; };
		3E9A605B26CBC21B003F5939 /* TopMenuView.swift in Sources */ = {isa = PBXBuildFile; fileRef = 3E9A605A26CBC21B003F5939 /* TopMenuView.swift */; };
/* End PBXBuildFile section */

/* Begin PBXFileReference section */
		3E9A601826CBB4F3003F5939 /* HomeVPNUI.app */ = {isa = PBXFileReference; explicitFileType = wrapper.application; includeInIndex = 0; path = HomeVPNUI.app; sourceTree = BUILT_PRODUCTS_DIR; };
		3E9A601B26CBB4F3003F5939 /* HomeVPNUIApp.swift */ = {isa = PBXFileReference; lastKnownFileType = sourcecode.swift; path = HomeVPNUIApp.swift; sourceTree = "<group>"; };
		3E9A601D26CBB4F3003F5939 /* ContentView.swift */ = {isa = PBXFileReference; lastKnownFileType = sourcecode.swift; path = ContentView.swift; sourceTree = "<group>"; };
		3E9A601F26CBB4F5003F5939 /* Assets.xcassets */ = {isa = PBXFileReference; lastKnownFileType = folder.assetcatalog; path = Assets.xcassets; sourceTree = "<group>"; };
		3E9A602226CBB4F5003F5939 /* Preview Assets.xcassets */ = {isa = PBXFileReference; lastKnownFileType = folder.assetcatalog; path = "Preview Assets.xcassets"; sourceTree = "<group>"; };
		3E9A602426CBB4F5003F5939 /* Info.plist */ = {isa = PBXFileReference; lastKnownFileType = text.plist.xml; path = Info.plist; sourceTree = "<group>"; };
		3E9A602D26CBB56F003F5939 /* HomeView.swift */ = {isa = PBXFileReference; lastKnownFileType = sourcecode.swift; path = HomeView.swift; sourceTree = "<group>"; };
		3E9A603026CBB656003F5939 /* UIScreen+Extension.swift */ = {isa = PBXFileReference; lastKnownFileType = sourcecode.swift; path = "UIScreen+Extension.swift"; sourceTree = "<group>"; };
		3E9A603226CBB68E003F5939 /* Color+Extension.swift */ = {isa = PBXFileReference; lastKnownFileType = sourcecode.swift; path = "Color+Extension.swift"; sourceTree = "<group>"; };
		3E9A603526CBB763003F5939 /* MenuItem.swift */ = {isa = PBXFileReference; lastKnownFileType = sourcecode.swift; path = MenuItem.swift; sourceTree = "<group>"; };
		3E9A603726CBB78D003F5939 /* RegionModel.swift */ = {isa = PBXFileReference; lastKnownFileType = sourcecode.swift; path = RegionModel.swift; sourceTree = "<group>"; };
		3E9A603926CBB7C2003F5939 /* DataModel.swift */ = {isa = PBXFileReference; lastKnownFileType = sourcecode.swift; path = DataModel.swift; sourceTree = "<group>"; };
		3E9A603C26CBB82A003F5939 /* DropdownManager.swift */ = {isa = PBXFileReference; lastKnownFileType = sourcecode.swift; path = DropdownManager.swift; sourceTree = "<group>"; };
		3E9A603E26CBB923003F5939 /* SpeedSimultor.swift */ = {isa = PBXFileReference; lastKnownFileType = sourcecode.swift; path = SpeedSimultor.swift; sourceTree = "<group>"; };
		3E9A604026CBB9C4003F5939 /* MenuItemView.swift */ = {isa = PBXFileReference; lastKnownFileType = sourcecode.swift; path = MenuItemView.swift; sourceTree = "<group>"; };
		3E9A604226CBBA10003F5939 /* MenuListView.swift */ = {isa = PBXFileReference; lastKnownFileType = sourcecode.swift; path = MenuListView.swift; sourceTree = "<group>"; };
		3E9A604426CBBA7C003F5939 /* UserView.swift */ = {isa = PBXFileReference; lastKnownFileType = sourcecode.swift; path = UserView.swift; sourceTree = "<group>"; };
		3E9A604626CBBB1A003F5939 /* SideMenuView.swift */ = {isa = PBXFileReference; lastKnownFileType = sourcecode.swift; path = SideMenuView.swift; sourceTree = "<group>"; };
		3E9A604826CBBBE8003F5939 /* PremiumView.swift */ = {isa = PBXFileReference; lastKnownFileType = sourcecode.swift; path = PremiumView.swift; sourceTree = "<group>"; };
		3E9A604C26CBBCD7003F5939 /* RegionItemView.swift */ = {isa = PBXFileReference; lastKnownFileType = sourcecode.swift; path = RegionItemView.swift; sourceTree = "<group>"; };
		3E9A604E26CBBDA0003F5939 /* DropdownView.swift */ = {isa = PBXFileReference; lastKnownFileType = sourcecode.swift; path = DropdownView.swift; sourceTree = "<group>"; };
		3E9A605026CBBF4D003F5939 /* StartStopButtonView.swift */ = {isa = PBXFileReference; lastKnownFileType = sourcecode.swift; path = StartStopButtonView.swift; sourceTree = "<group>"; };
		3E9A605226CBBFA8003F5939 /* ProgressView.swift */ = {isa = PBXFileReference; lastKnownFileType = sourcecode.swift; path = ProgressView.swift; sourceTree = "<group>"; };
		3E9A605426CBC013003F5939 /* EmitterCell.swift */ = {isa = PBXFileReference; lastKnownFileType = sourcecode.swift; path = EmitterCell.swift; sourceTree = "<group>"; };
		3E9A605626CBC06E003F5939 /* EmitterView.swift */ = {isa = PBXFileReference; lastKnownFileType = sourcecode.swift; path = EmitterView.swift; sourceTree = "<group>"; };
		3E9A605826CBC1D8003F5939 /* SpeedTextView.swift */ = {isa = PBXFileReference; lastKnownFileType = sourcecode.swift; path = SpeedTextView.swift; sourceTree = "<group>"; };
		3E9A605A26CBC21B003F5939 /* TopMenuView.swift */ = {isa = PBXFileReference; lastKnownFileType = sourcecode.swift; path = TopMenuView.swift; sourceTree = "<group>"; };
/* End PBXFileReference section */

/* Begin PBXFrameworksBuildPhase section */
		3E9A601526CBB4F3003F5939 /* Frameworks */ = {
			isa = PBXFrameworksBuildPhase;
			buildActionMask = 2147483647;
			files = (
			);
			runOnlyForDeploymentPostprocessing = 0;
		};
/* End PBXFrameworksBuildPhase section */

/* Begin PBXGroup section */
		3E9A600F26CBB4F3003F5939 = {
			isa = PBXGroup;
			children = (
				3E9A601A26CBB4F3003F5939 /* HomeVPNUI */,
				3E9A601926CBB4F3003F5939 /* Products */,
			);
			sourceTree = "<group>";
		};
		3E9A601926CBB4F3003F5939 /* Products */ = {
			isa = PBXGroup;
			children = (
				3E9A601826CBB4F3003F5939 /* HomeVPNUI.app */,
			);
			name = Products;
			sourceTree = "<group>";
		};
		3E9A601A26CBB4F3003F5939 /* HomeVPNUI */ = {
			isa = PBXGroup;
			children = (
				3E9A603B26CBB80C003F5939 /* CustomClasses */,
				3E9A603426CBB753003F5939 /* Models */,
				3E9A602F26CBB639003F5939 /* Extensions */,
				3E9A602A26CBB541003F5939 /* Views */,
				3E9A601B26CBB4F3003F5939 /* HomeVPNUIApp.swift */,
				3E9A601D26CBB4F3003F5939 /* ContentView.swift */,
				3E9A601F26CBB4F5003F5939 /* Assets.xcassets */,
				3E9A602426CBB4F5003F5939 /* Info.plist */,
				3E9A602126CBB4F5003F5939 /* Preview Content */,
			);
			path = HomeVPNUI;
			sourceTree = "<group>";
		};
		3E9A602126CBB4F5003F5939 /* Preview Content */ = {
			isa = PBXGroup;
			children = (
				3E9A602226CBB4F5003F5939 /* Preview Assets.xcassets */,
			);
			path = "Preview Content";
			sourceTree = "<group>";
		};
		3E9A602A26CBB541003F5939 /* Views */ = {
			isa = PBXGroup;
			children = (
				3E9A604B26CBBCB3003F5939 /* Home */,
				3E9A604A26CBBC7D003F5939 /* SideMenu */,
			);
			path = Views;
			sourceTree = "<group>";
		};
		3E9A602F26CBB639003F5939 /* Extensions */ = {
			isa = PBXGroup;
			children = (
				3E9A603026CBB656003F5939 /* UIScreen+Extension.swift */,
				3E9A603226CBB68E003F5939 /* Color+Extension.swift */,
			);
			path = Extensions;
			sourceTree = "<group>";
		};
		3E9A603426CBB753003F5939 /* Models */ = {
			isa = PBXGroup;
			children = (
				3E9A603526CBB763003F5939 /* MenuItem.swift */,
				3E9A603726CBB78D003F5939 /* RegionModel.swift */,
				3E9A603926CBB7C2003F5939 /* DataModel.swift */,
			);
			path = Models;
			sourceTree = "<group>";
		};
		3E9A603B26CBB80C003F5939 /* CustomClasses */ = {
			isa = PBXGroup;
			children = (
				3E9A603C26CBB82A003F5939 /* DropdownManager.swift */,
				3E9A603E26CBB923003F5939 /* SpeedSimultor.swift */,
				3E9A605426CBC013003F5939 /* EmitterCell.swift */,
			);
			path = CustomClasses;
			sourceTree = "<group>";
		};
		3E9A604A26CBBC7D003F5939 /* SideMenu */ = {
			isa = PBXGroup;
			children = (
				3E9A604626CBBB1A003F5939 /* SideMenuView.swift */,
				3E9A604826CBBBE8003F5939 /* PremiumView.swift */,
				3E9A604226CBBA10003F5939 /* MenuListView.swift */,
				3E9A604026CBB9C4003F5939 /* MenuItemView.swift */,
				3E9A604426CBBA7C003F5939 /* UserView.swift */,
			);
			path = SideMenu;
			sourceTree = "<group>";
		};
		3E9A604B26CBBCB3003F5939 /* Home */ = {
			isa = PBXGroup;
			children = (
				3E9A602D26CBB56F003F5939 /* HomeView.swift */,
				3E9A604C26CBBCD7003F5939 /* RegionItemView.swift */,
				3E9A604E26CBBDA0003F5939 /* DropdownView.swift */,
				3E9A605026CBBF4D003F5939 /* StartStopButtonView.swift */,
				3E9A605226CBBFA8003F5939 /* ProgressView.swift */,
				3E9A605626CBC06E003F5939 /* EmitterView.swift */,
				3E9A605826CBC1D8003F5939 /* SpeedTextView.swift */,
				3E9A605A26CBC21B003F5939 /* TopMenuView.swift */,
			);
			path = Home;
			sourceTree = "<group>";
		};
/* End PBXGroup section */

/* Begin PBXNativeTarget section */
		3E9A601726CBB4F3003F5939 /* HomeVPNUI */ = {
			isa = PBXNativeTarget;
			buildConfigurationList = 3E9A602726CBB4F5003F5939 /* Build configuration list for PBXNativeTarget "HomeVPNUI" */;
			buildPhases = (
				3E9A601426CBB4F3003F5939 /* Sources */,
				3E9A601526CBB4F3003F5939 /* Frameworks */,
				3E9A601626CBB4F3003F5939 /* Resources */,
			);
			buildRules = (
			);
			dependencies = (
			);
			name = HomeVPNUI;
			productName = HomeVPNUI;
			productReference = 3E9A601826CBB4F3003F5939 /* HomeVPNUI.app */;
			productType = "com.apple.product-type.application";
		};
/* End PBXNativeTarget section */

/* Begin PBXProject section */
		3E9A601026CBB4F3003F5939 /* Project object */ = {
			isa = PBXProject;
			attributes = {
				LastSwiftUpdateCheck = 1250;
				LastUpgradeCheck = 1250;
				TargetAttributes = {
					3E9A601726CBB4F3003F5939 = {
						CreatedOnToolsVersion = 12.5.1;
					};
				};
			};
			buildConfigurationList = 3E9A601326CBB4F3003F5939 /* Build configuration list for PBXProject "HomeVPNUI" */;
			compatibilityVersion = "Xcode 9.3";
			developmentRegion = en;
			hasScannedForEncodings = 0;
			knownRegions = (
				en,
				Base,
			);
			mainGroup = 3E9A600F26CBB4F3003F5939;
			productRefGroup = 3E9A601926CBB4F3003F5939 /* Products */;
			projectDirPath = "";
			projectRoot = "";
			targets = (
				3E9A601726CBB4F3003F5939 /* HomeVPNUI */,
			);
		};
/* End PBXProject section */

/* Begin PBXResourcesBuildPhase section */
		3E9A601626CBB4F3003F5939 /* Resources */ = {
			isa = PBXResourcesBuildPhase;
			buildActionMask = 2147483647;
			files = (
				3E9A602326CBB4F5003F5939 /* Preview Assets.xcassets in Resources */,
				3E9A602026CBB4F5003F5939 /* Assets.xcassets in Resources */,
			);
			runOnlyForDeploymentPostprocessing = 0;
		};
/* End PBXResourcesBuildPhase section */

/* Begin PBXSourcesBuildPhase section */
		3E9A601426CBB4F3003F5939 /* Sources */ = {
			isa = PBXSourcesBuildPhase;
			buildActionMask = 2147483647;
			files = (
				3E9A602E26CBB56F003F5939 /* HomeView.swift in Sources */,
				3E9A603326CBB68E003F5939 /* Color+Extension.swift in Sources */,
				3E9A605526CBC013003F5939 /* EmitterCell.swift in Sources */,
				3E9A604126CBB9C4003F5939 /* MenuItemView.swift in Sources */,
				3E9A603126CBB656003F5939 /* UIScreen+Extension.swift in Sources */,
				3E9A603626CBB763003F5939 /* MenuItem.swift in Sources */,
				3E9A605126CBBF4D003F5939 /* StartStopButtonView.swift in Sources */,
				3E9A603F26CBB923003F5939 /* SpeedSimultor.swift in Sources */,
				3E9A603826CBB78D003F5939 /* RegionModel.swift in Sources */,
				3E9A603A26CBB7C2003F5939 /* DataModel.swift in Sources */,
				3E9A605B26CBC21B003F5939 /* TopMenuView.swift in Sources */,
				3E9A604726CBBB1A003F5939 /* SideMenuView.swift in Sources */,
				3E9A601E26CBB4F3003F5939 /* ContentView.swift in Sources */,
				3E9A604326CBBA10003F5939 /* MenuListView.swift in Sources */,
				3E9A605926CBC1D8003F5939 /* SpeedTextView.swift in Sources */,
				3E9A604926CBBBE8003F5939 /* PremiumView.swift in Sources */,
				3E9A604526CBBA7C003F5939 /* UserView.swift in Sources */,
				3E9A604F26CBBDA0003F5939 /* DropdownView.swift in Sources */,
				3E9A604D26CBBCD7003F5939 /* RegionItemView.swift in Sources */,
				3E9A605326CBBFA8003F5939 /* ProgressView.swift in Sources */,
				3E9A603D26CBB82A003F5939 /* DropdownManager.swift in Sources */,
				3E9A605726CBC06E003F5939 /* EmitterView.swift in Sources */,
				3E9A601C26CBB4F3003F5939 /* HomeVPNUIApp.swift in Sources */,
			);
			runOnlyForDeploymentPostprocessing = 0;
		};
/* End PBXSourcesBuildPhase section */

/* Begin XCBuildConfiguration section */
		3E9A602526CBB4F5003F5939 /* Debug */ = {
			isa = XCBuildConfiguration;
			buildSettings = {
				ALWAYS_SEARCH_USER_PATHS = NO;
				CLANG_ANALYZER_NONNULL = YES;
				CLANG_ANALYZER_NUMBER_OBJECT_CONVERSION = YES_AGGRESSIVE;
				CLANG_CXX_LANGUAGE_STANDARD = "gnu++14";
				CLANG_CXX_LIBRARY = "libc++";
				CLANG_ENABLE_MODULES = YES;
				CLANG_ENABLE_OBJC_ARC = YES;
				CLANG_ENABLE_OBJC_WEAK = YES;
				CLANG_WARN_BLOCK_CAPTURE_AUTORELEASING = YES;
				CLANG_WARN_BOOL_CONVERSION = YES;
				CLANG_WARN_COMMA = YES;
				CLANG_WARN_CONSTANT_CONVERSION = YES;
				CLANG_WARN_DEPRECATED_OBJC_IMPLEMENTATIONS = YES;
				CLANG_WARN_DIRECT_OBJC_ISA_USAGE = YES_ERROR;
				CLANG_WARN_DOCUMENTATION_COMMENTS = YES;
				CLANG_WARN_EMPTY_BODY = YES;
				CLANG_WARN_ENUM_CONVERSION = YES;
				CLANG_WARN_INFINITE_RECURSION = YES;
				CLANG_WARN_INT_CONVERSION = YES;
				CLANG_WARN_NON_LITERAL_NULL_CONVERSION = YES;
				CLANG_WARN_OBJC_IMPLICIT_RETAIN_SELF = YES;
				CLANG_WARN_OBJC_LITERAL_CONVERSION = YES;
				CLANG_WARN_OBJC_ROOT_CLASS = YES_ERROR;
				CLANG_WARN_QUOTED_INCLUDE_IN_FRAMEWORK_HEADER = YES;
				CLANG_WARN_RANGE_LOOP_ANALYSIS = YES;
				CLANG_WARN_STRICT_PROTOTYPES = YES;
				CLANG_WARN_SUSPICIOUS_MOVE = YES;
				CLANG_WARN_UNGUARDED_AVAILABILITY = YES_AGGRESSIVE;
				CLANG_WARN_UNREACHABLE_CODE = YES;
				CLANG_WARN__DUPLICATE_METHOD_MATCH = YES;
				COPY_PHASE_STRIP = NO;
				DEBUG_INFORMATION_FORMAT = dwarf;
				ENABLE_STRICT_OBJC_MSGSEND = YES;
				ENABLE_TESTABILITY = YES;
				GCC_C_LANGUAGE_STANDARD = gnu11;
				GCC_DYNAMIC_NO_PIC = NO;
				GCC_NO_COMMON_BLOCKS = YES;
				GCC_OPTIMIZATION_LEVEL = 0;
				GCC_PREPROCESSOR_DEFINITIONS = (
					"DEBUG=1",
					"$(inherited)",
				);
				GCC_WARN_64_TO_32_BIT_CONVERSION = YES;
				GCC_WARN_ABOUT_RETURN_TYPE = YES_ERROR;
				GCC_WARN_UNDECLARED_SELECTOR = YES;
				GCC_WARN_UNINITIALIZED_AUTOS = YES_AGGRESSIVE;
				GCC_WARN_UNUSED_FUNCTION = YES;
				GCC_WARN_UNUSED_VARIABLE = YES;
				IPHONEOS_DEPLOYMENT_TARGET = 14.5;
				MTL_ENABLE_DEBUG_INFO = INCLUDE_SOURCE;
				MTL_FAST_MATH = YES;
				ONLY_ACTIVE_ARCH = YES;
				SDKROOT = iphoneos;
				SWIFT_ACTIVE_COMPILATION_CONDITIONS = DEBUG;
				SWIFT_OPTIMIZATION_LEVEL = "-Onone";
			};
			name = Debug;
		};
		3E9A602626CBB4F5003F5939 /* Release */ = {
			isa = XCBuildConfiguration;
			buildSettings = {
				ALWAYS_SEARCH_USER_PATHS = NO;
				CLANG_ANALYZER_NONNULL = YES;
				CLANG_ANALYZER_NUMBER_OBJECT_CONVERSION = YES_AGGRESSIVE;
				CLANG_CXX_LANGUAGE_STANDARD = "gnu++14";
				CLANG_CXX_LIBRARY = "libc++";
				CLANG_ENABLE_MODULES = YES;
				CLANG_ENABLE_OBJC_ARC = YES;
				CLANG_ENABLE_OBJC_WEAK = YES;
				CLANG_WARN_BLOCK_CAPTURE_AUTORELEASING = YES;
				CLANG_WARN_BOOL_CONVERSION = YES;
				CLANG_WARN_COMMA = YES;
				CLANG_WARN_CONSTANT_CONVERSION = YES;
				CLANG_WARN_DEPRECATED_OBJC_IMPLEMENTATIONS = YES;
				CLANG_WARN_DIRECT_OBJC_ISA_USAGE = YES_ERROR;
				CLANG_WARN_DOCUMENTATION_COMMENTS = YES;
				CLANG_WARN_EMPTY_BODY = YES;
				CLANG_WARN_ENUM_CONVERSION = YES;
				CLANG_WARN_INFINITE_RECURSION = YES;
				CLANG_WARN_INT_CONVERSION = YES;
				CLANG_WARN_NON_LITERAL_NULL_CONVERSION = YES;
				CLANG_WARN_OBJC_IMPLICIT_RETAIN_SELF = YES;
				CLANG_WARN_OBJC_LITERAL_CONVERSION = YES;
				CLANG_WARN_OBJC_ROOT_CLASS = YES_ERROR;
				CLANG_WARN_QUOTED_INCLUDE_IN_FRAMEWORK_HEADER = YES;
				CLANG_WARN_RANGE_LOOP_ANALYSIS = YES;
				CLANG_WARN_STRICT_PROTOTYPES = YES;
				CLANG_WARN_SUSPICIOUS_MOVE = YES;
				CLANG_WARN_UNGUARDED_AVAILABILITY = YES_AGGRESSIVE;
				CLANG_WARN_UNREACHABLE_CODE = YES;
				CLANG_WARN__DUPLICATE_METHOD_MATCH = YES;
				COPY_PHASE_STRIP = NO;
				DEBUG_INFORMATION_FORMAT = "dwarf-with-dsym";
				ENABLE_NS_ASSERTIONS = NO;
				ENABLE_STRICT_OBJC_MSGSEND = YES;
				GCC_C_LANGUAGE_STANDARD = gnu11;
				GCC_NO_COMMON_BLOCKS = YES;
				GCC_WARN_64_TO_32_BIT_CONVERSION = YES;
				GCC_WARN_ABOUT_RETURN_TYPE = YES_ERROR;
				GCC_WARN_UNDECLARED_SELECTOR = YES;
				GCC_WARN_UNINITIALIZED_AUTOS = YES_AGGRESSIVE;
				GCC_WARN_UNUSED_FUNCTION = YES;
				GCC_WARN_UNUSED_VARIABLE = YES;
				IPHONEOS_DEPLOYMENT_TARGET = 14.5;
				MTL_ENABLE_DEBUG_INFO = NO;
				MTL_FAST_MATH = YES;
				SDKROOT = iphoneos;
				SWIFT_COMPILATION_MODE = wholemodule;
				SWIFT_OPTIMIZATION_LEVEL = "-O";
				VALIDATE_PRODUCT = YES;
			};
			name = Release;
		};
		3E9A602826CBB4F5003F5939 /* Debug */ = {
			isa = XCBuildConfiguration;
			buildSettings = {
				ASSETCATALOG_COMPILER_APPICON_NAME = AppIcon;
				ASSETCATALOG_COMPILER_GLOBAL_ACCENT_COLOR_NAME = AccentColor;
				CODE_SIGN_STYLE = Automatic;
				DEVELOPMENT_ASSET_PATHS = "\"HomeVPNUI/Preview Content\"";
				DEVELOPMENT_TEAM = 9PGNALUY6R;
				ENABLE_PREVIEWS = YES;
				INFOPLIST_FILE = HomeVPNUI/Info.plist;
				IPHONEOS_DEPLOYMENT_TARGET = 14.0;
				LD_RUNPATH_SEARCH_PATHS = (
					"$(inherited)",
					"@executable_path/Frameworks",
				);
				PRODUCT_BUNDLE_IDENTIFIER = com.uxbert.HomeVPNUI;
				PRODUCT_NAME = "$(TARGET_NAME)";
				SWIFT_VERSION = 5.0;
				TARGETED_DEVICE_FAMILY = "1,2";
			};
			name = Debug;
		};
		3E9A602926CBB4F5003F5939 /* Release */ = {
			isa = XCBuildConfiguration;
			buildSettings = {
				ASSETCATALOG_COMPILER_APPICON_NAME = AppIcon;
				ASSETCATALOG_COMPILER_GLOBAL_ACCENT_COLOR_NAME = AccentColor;
				CODE_SIGN_STYLE = Automatic;
				DEVELOPMENT_ASSET_PATHS = "\"HomeVPNUI/Preview Content\"";
				DEVELOPMENT_TEAM = 9PGNALUY6R;
				ENABLE_PREVIEWS = YES;
				INFOPLIST_FILE = HomeVPNUI/Info.plist;
				IPHONEOS_DEPLOYMENT_TARGET = 14.0;
				LD_RUNPATH_SEARCH_PATHS = (
					"$(inherited)",
					"@executable_path/Frameworks",
				);
				PRODUCT_BUNDLE_IDENTIFIER = com.uxbert.HomeVPNUI;
				PRODUCT_NAME = "$(TARGET_NAME)";
				SWIFT_VERSION = 5.0;
				TARGETED_DEVICE_FAMILY = "1,2";
			};
			name = Release;
		};
/* End XCBuildConfiguration section */

/* Begin XCConfigurationList section */
		3E9A601326CBB4F3003F5939 /* Build configuration list for PBXProject "HomeVPNUI" */ = {
			isa = XCConfigurationList;
			buildConfigurations = (
				3E9A602526CBB4F5003F5939 /* Debug */,
				3E9A602626CBB4F5003F5939 /* Release */,
			);
			defaultConfigurationIsVisible = 0;
			defaultConfigurationName = Release;
		};
		3E9A602726CBB4F5003F5939 /* Build configuration list for PBXNativeTarget "HomeVPNUI" */ = {
			isa = XCConfigurationList;
			buildConfigurations = (
				3E9A602826CBB4F5003F5939 /* Debug */,
				3E9A602926CBB4F5003F5939 /* Release */,
			);
			defaultConfigurationIsVisible = 0;
			defaultConfigurationName = Release;
		};
/* End XCConfigurationList section */
	};
	rootObject = 3E9A601026CBB4F3003F5939 /* Project object */;
}
